
Microsoft Visual Studio Solution File, Format Version 12.00
# Visual Studio 15
VisualStudioVersion = 15.0.28010.2036
MinimumVisualStudioVersion = 10.0.40219.1
Project("{FAE04EC0-301F-11D3-BF4B-00C04F79EFBC}") = "task_24", "task_24\task_24.csproj", "{00662776-F3C0-4546-9D4B-F27406E4326A}"
EndProject
Global
	GlobalSection(SolutionConfigurationPlatforms) = preSolution
		Debug|Any CPU = Debug|Any CPU
		Release|Any CPU = Release|Any CPU
	EndGlobalSection
	GlobalSection(ProjectConfigurationPlatforms) = postSolution
		{00662776-F3C0-4546-9D4B-F27406E4326A}.Debug|Any CPU.ActiveCfg = Debug|Any CPU
		{00662776-F3C0-4546-9D4B-F27406E4326A}.Debug|Any CPU.Build.0 = Debug|Any CPU
		{00662776-F3C0-4546-9D4B-F27406E4326A}.Release|Any CPU.ActiveCfg = Release|Any CPU
		{00662776-F3C0-4546-9D4B-F27406E4326A}.Release|Any CPU.Build.0 = Release|Any CPU
	EndGlobalSection
	GlobalSection(SolutionProperties) = preSolution
		HideSolutionNode = FALSE
	EndGlobalSection
	GlobalSection(ExtensibilityGlobals) = postSolution
		SolutionGuid = {D20D7D41-6627-41E3-A11C-570326F6D10E}
	EndGlobalSection
EndGlobal
