
Microsoft Visual Studio Solution File, Format Version 12.00
# Visual Studio 15
VisualStudioVersion = 15.0.28307.421
MinimumVisualStudioVersion = 10.0.40219.1
Project("{FAE04EC0-301F-11D3-BF4B-00C04F79EFBC}") = "task_2", "task_2\task_2.csproj", "{D3A03509-7BD9-4C83-8937-3651C5E86466}"
EndProject
Global
	GlobalSection(SolutionConfigurationPlatforms) = preSolution
		Debug|Any CPU = Debug|Any CPU
		Release|Any CPU = Release|Any CPU
	EndGlobalSection
	GlobalSection(ProjectConfigurationPlatforms) = postSolution
		{D3A03509-7BD9-4C83-8937-3651C5E86466}.Debug|Any CPU.ActiveCfg = Debug|Any CPU
		{D3A03509-7BD9-4C83-8937-3651C5E86466}.Debug|Any CPU.Build.0 = Debug|Any CPU
		{D3A03509-7BD9-4C83-8937-3651C5E86466}.Release|Any CPU.ActiveCfg = Release|Any CPU
		{D3A03509-7BD9-4C83-8937-3651C5E86466}.Release|Any CPU.Build.0 = Release|Any CPU
	EndGlobalSection
	GlobalSection(SolutionProperties) = preSolution
		HideSolutionNode = FALSE
	EndGlobalSection
	GlobalSection(ExtensibilityGlobals) = postSolution
		SolutionGuid = {484EB00F-8403-492E-8634-9D05567434A3}
	EndGlobalSection
EndGlobal
