
Microsoft Visual Studio Solution File, Format Version 12.00
# Visual Studio 15
VisualStudioVersion = 15.0.28010.2036
MinimumVisualStudioVersion = 10.0.40219.1
Project("{8BC9CEB8-8B4A-11D0-8D11-00A0C91BC942}") = "task_19", "task_19\task_19.vcxproj", "{FF66B75B-F0C0-44DC-AFDD-058D241DAFD1}"
EndProject
Global
	GlobalSection(SolutionConfigurationPlatforms) = preSolution
		Debug|x64 = Debug|x64
		Debug|x86 = Debug|x86
		Release|x64 = Release|x64
		Release|x86 = Release|x86
	EndGlobalSection
	GlobalSection(ProjectConfigurationPlatforms) = postSolution
		{FF66B75B-F0C0-44DC-AFDD-058D241DAFD1}.Debug|x64.ActiveCfg = Debug|x64
		{FF66B75B-F0C0-44DC-AFDD-058D241DAFD1}.Debug|x64.Build.0 = Debug|x64
		{FF66B75B-F0C0-44DC-AFDD-058D241DAFD1}.Debug|x86.ActiveCfg = Debug|Win32
		{FF66B75B-F0C0-44DC-AFDD-058D241DAFD1}.Debug|x86.Build.0 = Debug|Win32
		{FF66B75B-F0C0-44DC-AFDD-058D241DAFD1}.Release|x64.ActiveCfg = Release|x64
		{FF66B75B-F0C0-44DC-AFDD-058D241DAFD1}.Release|x64.Build.0 = Release|x64
		{FF66B75B-F0C0-44DC-AFDD-058D241DAFD1}.Release|x86.ActiveCfg = Release|Win32
		{FF66B75B-F0C0-44DC-AFDD-058D241DAFD1}.Release|x86.Build.0 = Release|Win32
	EndGlobalSection
	GlobalSection(SolutionProperties) = preSolution
		HideSolutionNode = FALSE
	EndGlobalSection
	GlobalSection(ExtensibilityGlobals) = postSolution
		SolutionGuid = {A2E9840F-8AC0-4068-806F-8753585B3D09}
	EndGlobalSection
EndGlobal
