
Microsoft Visual Studio Solution File, Format Version 12.00
# Visual Studio 15
VisualStudioVersion = 15.0.28010.2036
MinimumVisualStudioVersion = 10.0.40219.1
Project("{8BC9CEB8-8B4A-11D0-8D11-00A0C91BC942}") = "task_139", "task_139\task_139.vcxproj", "{30094F61-650A-465B-9DD5-B0E3F66B5E46}"
EndProject
Global
	GlobalSection(SolutionConfigurationPlatforms) = preSolution
		Debug|x64 = Debug|x64
		Debug|x86 = Debug|x86
		Release|x64 = Release|x64
		Release|x86 = Release|x86
	EndGlobalSection
	GlobalSection(ProjectConfigurationPlatforms) = postSolution
		{30094F61-650A-465B-9DD5-B0E3F66B5E46}.Debug|x64.ActiveCfg = Debug|x64
		{30094F61-650A-465B-9DD5-B0E3F66B5E46}.Debug|x64.Build.0 = Debug|x64
		{30094F61-650A-465B-9DD5-B0E3F66B5E46}.Debug|x86.ActiveCfg = Debug|Win32
		{30094F61-650A-465B-9DD5-B0E3F66B5E46}.Debug|x86.Build.0 = Debug|Win32
		{30094F61-650A-465B-9DD5-B0E3F66B5E46}.Release|x64.ActiveCfg = Release|x64
		{30094F61-650A-465B-9DD5-B0E3F66B5E46}.Release|x64.Build.0 = Release|x64
		{30094F61-650A-465B-9DD5-B0E3F66B5E46}.Release|x86.ActiveCfg = Release|Win32
		{30094F61-650A-465B-9DD5-B0E3F66B5E46}.Release|x86.Build.0 = Release|Win32
	EndGlobalSection
	GlobalSection(SolutionProperties) = preSolution
		HideSolutionNode = FALSE
	EndGlobalSection
	GlobalSection(ExtensibilityGlobals) = postSolution
		SolutionGuid = {F6C44088-ED42-4F43-81D9-090453B545EF}
	EndGlobalSection
EndGlobal
