
Microsoft Visual Studio Solution File, Format Version 12.00
# Visual Studio 15
VisualStudioVersion = 15.0.28010.2036
MinimumVisualStudioVersion = 10.0.40219.1
Project("{FAE04EC0-301F-11D3-BF4B-00C04F79EFBC}") = "task_34", "task_34\task_34.csproj", "{D17A1DFB-AC15-489D-BBF8-37541452D241}"
EndProject
Global
	GlobalSection(SolutionConfigurationPlatforms) = preSolution
		Debug|Any CPU = Debug|Any CPU
		Release|Any CPU = Release|Any CPU
	EndGlobalSection
	GlobalSection(ProjectConfigurationPlatforms) = postSolution
		{D17A1DFB-AC15-489D-BBF8-37541452D241}.Debug|Any CPU.ActiveCfg = Debug|Any CPU
		{D17A1DFB-AC15-489D-BBF8-37541452D241}.Debug|Any CPU.Build.0 = Debug|Any CPU
		{D17A1DFB-AC15-489D-BBF8-37541452D241}.Release|Any CPU.ActiveCfg = Release|Any CPU
		{D17A1DFB-AC15-489D-BBF8-37541452D241}.Release|Any CPU.Build.0 = Release|Any CPU
	EndGlobalSection
	GlobalSection(SolutionProperties) = preSolution
		HideSolutionNode = FALSE
	EndGlobalSection
	GlobalSection(ExtensibilityGlobals) = postSolution
		SolutionGuid = {4F869D80-A593-42CE-8A5D-3711E11E2FEC}
	EndGlobalSection
EndGlobal
