
Microsoft Visual Studio Solution File, Format Version 12.00
# Visual Studio 15
VisualStudioVersion = 15.0.28307.421
MinimumVisualStudioVersion = 10.0.40219.1
Project("{FAE04EC0-301F-11D3-BF4B-00C04F79EFBC}") = "task_11", "task_11\task_11.csproj", "{C03B7813-6704-42BF-94DB-C6B3868E4A45}"
EndProject
Global
	GlobalSection(SolutionConfigurationPlatforms) = preSolution
		Debug|Any CPU = Debug|Any CPU
		Release|Any CPU = Release|Any CPU
	EndGlobalSection
	GlobalSection(ProjectConfigurationPlatforms) = postSolution
		{C03B7813-6704-42BF-94DB-C6B3868E4A45}.Debug|Any CPU.ActiveCfg = Debug|Any CPU
		{C03B7813-6704-42BF-94DB-C6B3868E4A45}.Debug|Any CPU.Build.0 = Debug|Any CPU
		{C03B7813-6704-42BF-94DB-C6B3868E4A45}.Release|Any CPU.ActiveCfg = Release|Any CPU
		{C03B7813-6704-42BF-94DB-C6B3868E4A45}.Release|Any CPU.Build.0 = Release|Any CPU
	EndGlobalSection
	GlobalSection(SolutionProperties) = preSolution
		HideSolutionNode = FALSE
	EndGlobalSection
	GlobalSection(ExtensibilityGlobals) = postSolution
		SolutionGuid = {1DFEC489-EBEA-445F-9E2E-DBF86A5E1988}
	EndGlobalSection
EndGlobal
