
Microsoft Visual Studio Solution File, Format Version 12.00
# Visual Studio 15
VisualStudioVersion = 15.0.28010.2036
MinimumVisualStudioVersion = 10.0.40219.1
Project("{FAE04EC0-301F-11D3-BF4B-00C04F79EFBC}") = "task_6_3", "task_6_3\task_6_3.csproj", "{BF555208-70E3-439B-9046-15381C0BCF42}"
EndProject
Global
	GlobalSection(SolutionConfigurationPlatforms) = preSolution
		Debug|Any CPU = Debug|Any CPU
		Release|Any CPU = Release|Any CPU
	EndGlobalSection
	GlobalSection(ProjectConfigurationPlatforms) = postSolution
		{BF555208-70E3-439B-9046-15381C0BCF42}.Debug|Any CPU.ActiveCfg = Debug|Any CPU
		{BF555208-70E3-439B-9046-15381C0BCF42}.Debug|Any CPU.Build.0 = Debug|Any CPU
		{BF555208-70E3-439B-9046-15381C0BCF42}.Release|Any CPU.ActiveCfg = Release|Any CPU
		{BF555208-70E3-439B-9046-15381C0BCF42}.Release|Any CPU.Build.0 = Release|Any CPU
	EndGlobalSection
	GlobalSection(SolutionProperties) = preSolution
		HideSolutionNode = FALSE
	EndGlobalSection
	GlobalSection(ExtensibilityGlobals) = postSolution
		SolutionGuid = {9D45FE9F-9B5B-4685-BBEB-561F3BBD765C}
	EndGlobalSection
EndGlobal
