
Microsoft Visual Studio Solution File, Format Version 12.00
# Visual Studio 15
VisualStudioVersion = 15.0.28010.2041
MinimumVisualStudioVersion = 10.0.40219.1
Project("{FAE04EC0-301F-11D3-BF4B-00C04F79EFBC}") = "task_28", "task_28\task_28.csproj", "{F7AA85B3-67A3-4EFF-A5AC-3C450F042C61}"
EndProject
Global
	GlobalSection(SolutionConfigurationPlatforms) = preSolution
		Debug|Any CPU = Debug|Any CPU
		Release|Any CPU = Release|Any CPU
	EndGlobalSection
	GlobalSection(ProjectConfigurationPlatforms) = postSolution
		{F7AA85B3-67A3-4EFF-A5AC-3C450F042C61}.Debug|Any CPU.ActiveCfg = Debug|Any CPU
		{F7AA85B3-67A3-4EFF-A5AC-3C450F042C61}.Debug|Any CPU.Build.0 = Debug|Any CPU
		{F7AA85B3-67A3-4EFF-A5AC-3C450F042C61}.Release|Any CPU.ActiveCfg = Release|Any CPU
		{F7AA85B3-67A3-4EFF-A5AC-3C450F042C61}.Release|Any CPU.Build.0 = Release|Any CPU
	EndGlobalSection
	GlobalSection(SolutionProperties) = preSolution
		HideSolutionNode = FALSE
	EndGlobalSection
	GlobalSection(ExtensibilityGlobals) = postSolution
		SolutionGuid = {912B98C7-DCA8-434C-B7B3-E698F7A6AC0C}
	EndGlobalSection
EndGlobal
