
Microsoft Visual Studio Solution File, Format Version 12.00
# Visual Studio 15
VisualStudioVersion = 15.0.28010.2036
MinimumVisualStudioVersion = 10.0.40219.1
Project("{FAE04EC0-301F-11D3-BF4B-00C04F79EFBC}") = "task_39", "task_39\task_39.csproj", "{714C9B24-980A-4895-9356-247606989255}"
EndProject
Global
	GlobalSection(SolutionConfigurationPlatforms) = preSolution
		Debug|Any CPU = Debug|Any CPU
		Release|Any CPU = Release|Any CPU
	EndGlobalSection
	GlobalSection(ProjectConfigurationPlatforms) = postSolution
		{714C9B24-980A-4895-9356-247606989255}.Debug|Any CPU.ActiveCfg = Debug|Any CPU
		{714C9B24-980A-4895-9356-247606989255}.Debug|Any CPU.Build.0 = Debug|Any CPU
		{714C9B24-980A-4895-9356-247606989255}.Release|Any CPU.ActiveCfg = Release|Any CPU
		{714C9B24-980A-4895-9356-247606989255}.Release|Any CPU.Build.0 = Release|Any CPU
	EndGlobalSection
	GlobalSection(SolutionProperties) = preSolution
		HideSolutionNode = FALSE
	EndGlobalSection
	GlobalSection(ExtensibilityGlobals) = postSolution
		SolutionGuid = {64B578B6-35E8-409F-A720-E6F1A7C14D96}
	EndGlobalSection
EndGlobal
