
Microsoft Visual Studio Solution File, Format Version 10.00
# Visual Studio 2008
# SharpDevelop 3.2.1.6466
Project("{FAE04EC0-301F-11D3-BF4B-00C04F79EFBC}") = "task_13", "task_13\task_13.csproj", "{F95D5EE8-EB45-4204-87D1-A639CC96034C}"
EndProject
Global
	GlobalSection(SolutionConfigurationPlatforms) = preSolution
		Debug|x86 = Debug|x86
		Release|x86 = Release|x86
	EndGlobalSection
	GlobalSection(ProjectConfigurationPlatforms) = postSolution
		{F95D5EE8-EB45-4204-87D1-A639CC96034C}.Debug|x86.Build.0 = Debug|x86
		{F95D5EE8-EB45-4204-87D1-A639CC96034C}.Debug|x86.ActiveCfg = Debug|x86
		{F95D5EE8-EB45-4204-87D1-A639CC96034C}.Release|x86.Build.0 = Release|x86
		{F95D5EE8-EB45-4204-87D1-A639CC96034C}.Release|x86.ActiveCfg = Release|x86
	EndGlobalSection
EndGlobal
