
Microsoft Visual Studio Solution File, Format Version 12.00
# Visual Studio 15
VisualStudioVersion = 15.0.28010.2036
MinimumVisualStudioVersion = 10.0.40219.1
Project("{FAE04EC0-301F-11D3-BF4B-00C04F79EFBC}") = "task_38", "task_38\task_38.csproj", "{32D6D731-5234-434A-8501-A4E6BF51B090}"
EndProject
Global
	GlobalSection(SolutionConfigurationPlatforms) = preSolution
		Debug|Any CPU = Debug|Any CPU
		Release|Any CPU = Release|Any CPU
	EndGlobalSection
	GlobalSection(ProjectConfigurationPlatforms) = postSolution
		{32D6D731-5234-434A-8501-A4E6BF51B090}.Debug|Any CPU.ActiveCfg = Debug|Any CPU
		{32D6D731-5234-434A-8501-A4E6BF51B090}.Debug|Any CPU.Build.0 = Debug|Any CPU
		{32D6D731-5234-434A-8501-A4E6BF51B090}.Release|Any CPU.ActiveCfg = Release|Any CPU
		{32D6D731-5234-434A-8501-A4E6BF51B090}.Release|Any CPU.Build.0 = Release|Any CPU
	EndGlobalSection
	GlobalSection(SolutionProperties) = preSolution
		HideSolutionNode = FALSE
	EndGlobalSection
	GlobalSection(ExtensibilityGlobals) = postSolution
		SolutionGuid = {4C32D5F7-C258-4E00-AA8E-8C8FD26C1353}
	EndGlobalSection
EndGlobal
