
Microsoft Visual Studio Solution File, Format Version 12.00
# Visual Studio 15
VisualStudioVersion = 15.0.28010.2036
MinimumVisualStudioVersion = 10.0.40219.1
Project("{FAE04EC0-301F-11D3-BF4B-00C04F79EFBC}") = "task_8_2", "task_8_2\task_8_2.csproj", "{659F3905-7B27-4F2E-8AE0-6FB3F0BA1B47}"
EndProject
Global
	GlobalSection(SolutionConfigurationPlatforms) = preSolution
		Debug|Any CPU = Debug|Any CPU
		Release|Any CPU = Release|Any CPU
	EndGlobalSection
	GlobalSection(ProjectConfigurationPlatforms) = postSolution
		{659F3905-7B27-4F2E-8AE0-6FB3F0BA1B47}.Debug|Any CPU.ActiveCfg = Debug|Any CPU
		{659F3905-7B27-4F2E-8AE0-6FB3F0BA1B47}.Debug|Any CPU.Build.0 = Debug|Any CPU
		{659F3905-7B27-4F2E-8AE0-6FB3F0BA1B47}.Release|Any CPU.ActiveCfg = Release|Any CPU
		{659F3905-7B27-4F2E-8AE0-6FB3F0BA1B47}.Release|Any CPU.Build.0 = Release|Any CPU
	EndGlobalSection
	GlobalSection(SolutionProperties) = preSolution
		HideSolutionNode = FALSE
	EndGlobalSection
	GlobalSection(ExtensibilityGlobals) = postSolution
		SolutionGuid = {63790BE3-8B77-4F5D-8013-274555D42245}
	EndGlobalSection
EndGlobal
