
Microsoft Visual Studio Solution File, Format Version 12.00
# Visual Studio 15
VisualStudioVersion = 15.0.28010.2036
MinimumVisualStudioVersion = 10.0.40219.1
Project("{FAE04EC0-301F-11D3-BF4B-00C04F79EFBC}") = "task_26", "task_26\task_26.csproj", "{6329FF2C-0569-4FDD-8B74-F299DCFA3D6C}"
EndProject
Global
	GlobalSection(SolutionConfigurationPlatforms) = preSolution
		Debug|Any CPU = Debug|Any CPU
		Release|Any CPU = Release|Any CPU
	EndGlobalSection
	GlobalSection(ProjectConfigurationPlatforms) = postSolution
		{6329FF2C-0569-4FDD-8B74-F299DCFA3D6C}.Debug|Any CPU.ActiveCfg = Debug|Any CPU
		{6329FF2C-0569-4FDD-8B74-F299DCFA3D6C}.Debug|Any CPU.Build.0 = Debug|Any CPU
		{6329FF2C-0569-4FDD-8B74-F299DCFA3D6C}.Release|Any CPU.ActiveCfg = Release|Any CPU
		{6329FF2C-0569-4FDD-8B74-F299DCFA3D6C}.Release|Any CPU.Build.0 = Release|Any CPU
	EndGlobalSection
	GlobalSection(SolutionProperties) = preSolution
		HideSolutionNode = FALSE
	EndGlobalSection
	GlobalSection(ExtensibilityGlobals) = postSolution
		SolutionGuid = {FC1D53EB-DE2C-4DAF-ADD2-1B2AF2C062C0}
	EndGlobalSection
EndGlobal
