
Microsoft Visual Studio Solution File, Format Version 12.00
# Visual Studio 15
VisualStudioVersion = 15.0.28010.2036
MinimumVisualStudioVersion = 10.0.40219.1
Project("{FAE04EC0-301F-11D3-BF4B-00C04F79EFBC}") = "task_6", "task_6\task_6.csproj", "{B482EA70-12A2-4482-9B12-DC713AFBD19A}"
EndProject
Global
	GlobalSection(SolutionConfigurationPlatforms) = preSolution
		Debug|Any CPU = Debug|Any CPU
		Release|Any CPU = Release|Any CPU
	EndGlobalSection
	GlobalSection(ProjectConfigurationPlatforms) = postSolution
		{B482EA70-12A2-4482-9B12-DC713AFBD19A}.Debug|Any CPU.ActiveCfg = Debug|Any CPU
		{B482EA70-12A2-4482-9B12-DC713AFBD19A}.Debug|Any CPU.Build.0 = Debug|Any CPU
		{B482EA70-12A2-4482-9B12-DC713AFBD19A}.Release|Any CPU.ActiveCfg = Release|Any CPU
		{B482EA70-12A2-4482-9B12-DC713AFBD19A}.Release|Any CPU.Build.0 = Release|Any CPU
	EndGlobalSection
	GlobalSection(SolutionProperties) = preSolution
		HideSolutionNode = FALSE
	EndGlobalSection
	GlobalSection(ExtensibilityGlobals) = postSolution
		SolutionGuid = {1BB71A5A-60E9-4723-8B07-5BC74C703A21}
	EndGlobalSection
EndGlobal
