
Microsoft Visual Studio Solution File, Format Version 12.00
# Visual Studio 15
VisualStudioVersion = 15.0.28010.2036
MinimumVisualStudioVersion = 10.0.40219.1
Project("{8BC9CEB8-8B4A-11D0-8D11-00A0C91BC942}") = "task_18", "task_18\task_18.vcxproj", "{C903D90D-C83B-4953-90DD-2E9D0E7C403D}"
EndProject
Global
	GlobalSection(SolutionConfigurationPlatforms) = preSolution
		Debug|x64 = Debug|x64
		Debug|x86 = Debug|x86
		Release|x64 = Release|x64
		Release|x86 = Release|x86
	EndGlobalSection
	GlobalSection(ProjectConfigurationPlatforms) = postSolution
		{C903D90D-C83B-4953-90DD-2E9D0E7C403D}.Debug|x64.ActiveCfg = Debug|x64
		{C903D90D-C83B-4953-90DD-2E9D0E7C403D}.Debug|x64.Build.0 = Debug|x64
		{C903D90D-C83B-4953-90DD-2E9D0E7C403D}.Debug|x86.ActiveCfg = Debug|Win32
		{C903D90D-C83B-4953-90DD-2E9D0E7C403D}.Debug|x86.Build.0 = Debug|Win32
		{C903D90D-C83B-4953-90DD-2E9D0E7C403D}.Release|x64.ActiveCfg = Release|x64
		{C903D90D-C83B-4953-90DD-2E9D0E7C403D}.Release|x64.Build.0 = Release|x64
		{C903D90D-C83B-4953-90DD-2E9D0E7C403D}.Release|x86.ActiveCfg = Release|Win32
		{C903D90D-C83B-4953-90DD-2E9D0E7C403D}.Release|x86.Build.0 = Release|Win32
	EndGlobalSection
	GlobalSection(SolutionProperties) = preSolution
		HideSolutionNode = FALSE
	EndGlobalSection
	GlobalSection(ExtensibilityGlobals) = postSolution
		SolutionGuid = {A252301E-9D52-4FB0-9149-7C2A8ECD9339}
	EndGlobalSection
EndGlobal
