
Microsoft Visual Studio Solution File, Format Version 10.00
# Visual Studio 2008
# SharpDevelop 3.2.1.6466
Project("{FAE04EC0-301F-11D3-BF4B-00C04F79EFBC}") = "task_11", "task_11\task_11.csproj", "{86CED52D-7237-4F65-9723-44340DEF516D}"
EndProject
Global
	GlobalSection(SolutionConfigurationPlatforms) = preSolution
		Debug|x86 = Debug|x86
		Release|x86 = Release|x86
	EndGlobalSection
	GlobalSection(ProjectConfigurationPlatforms) = postSolution
		{86CED52D-7237-4F65-9723-44340DEF516D}.Debug|x86.Build.0 = Debug|x86
		{86CED52D-7237-4F65-9723-44340DEF516D}.Debug|x86.ActiveCfg = Debug|x86
		{86CED52D-7237-4F65-9723-44340DEF516D}.Release|x86.Build.0 = Release|x86
		{86CED52D-7237-4F65-9723-44340DEF516D}.Release|x86.ActiveCfg = Release|x86
	EndGlobalSection
EndGlobal
